
Microsoft Visual Studio Solution File, Format Version 12.00
# Visual Studio 15
VisualStudioVersion = 15.0.28010.2050
MinimumVisualStudioVersion = 10.0.40219.1
Project("{8BC9CEB8-8B4A-11D0-8D11-00A0C91BC942}") = "LeetCodeWithCpp", "LeetCodeWithCpp\LeetCodeWithCpp.vcxproj", "{48983688-7AA9-4062-83F8-6F14ECA73F5C}"
EndProject
Project("{8BC9CEB8-8B4A-11D0-8D11-00A0C91BC942}") = "LeetCodeMockInterview", "LeetCodeMockInterview\LeetCodeMockInterview.vcxproj", "{8302CA4B-8289-42EB-82C0-873389E0946F}"
EndProject
Project("{8BC9CEB8-8B4A-11D0-8D11-00A0C91BC942}") = "baiduTest", "baiduTest\baiduTest.vcxproj", "{10DA1C40-24F7-4AFC-AFBD-63FD0873B982}"
EndProject
Project("{8BC9CEB8-8B4A-11D0-8D11-00A0C91BC942}") = "MicrosoftTest", "MicrosoftTest\MicrosoftTest.vcxproj", "{1709899C-F167-4C3A-90F4-21FF12107899}"
EndProject
Global
	GlobalSection(SolutionConfigurationPlatforms) = preSolution
		Debug|x64 = Debug|x64
		Debug|x86 = Debug|x86
		Release|x64 = Release|x64
		Release|x86 = Release|x86
	EndGlobalSection
	GlobalSection(ProjectConfigurationPlatforms) = postSolution
		{48983688-7AA9-4062-83F8-6F14ECA73F5C}.Debug|x64.ActiveCfg = Debug|x64
		{48983688-7AA9-4062-83F8-6F14ECA73F5C}.Debug|x64.Build.0 = Debug|x64
		{48983688-7AA9-4062-83F8-6F14ECA73F5C}.Debug|x86.ActiveCfg = Debug|Win32
		{48983688-7AA9-4062-83F8-6F14ECA73F5C}.Debug|x86.Build.0 = Debug|Win32
		{48983688-7AA9-4062-83F8-6F14ECA73F5C}.Release|x64.ActiveCfg = Release|x64
		{48983688-7AA9-4062-83F8-6F14ECA73F5C}.Release|x64.Build.0 = Release|x64
		{48983688-7AA9-4062-83F8-6F14ECA73F5C}.Release|x86.ActiveCfg = Release|Win32
		{48983688-7AA9-4062-83F8-6F14ECA73F5C}.Release|x86.Build.0 = Release|Win32
		{8302CA4B-8289-42EB-82C0-873389E0946F}.Debug|x64.ActiveCfg = Debug|x64
		{8302CA4B-8289-42EB-82C0-873389E0946F}.Debug|x64.Build.0 = Debug|x64
		{8302CA4B-8289-42EB-82C0-873389E0946F}.Debug|x86.ActiveCfg = Debug|Win32
		{8302CA4B-8289-42EB-82C0-873389E0946F}.Debug|x86.Build.0 = Debug|Win32
		{8302CA4B-8289-42EB-82C0-873389E0946F}.Release|x64.ActiveCfg = Release|x64
		{8302CA4B-8289-42EB-82C0-873389E0946F}.Release|x64.Build.0 = Release|x64
		{8302CA4B-8289-42EB-82C0-873389E0946F}.Release|x86.ActiveCfg = Release|Win32
		{8302CA4B-8289-42EB-82C0-873389E0946F}.Release|x86.Build.0 = Release|Win32
		{10DA1C40-24F7-4AFC-AFBD-63FD0873B982}.Debug|x64.ActiveCfg = Debug|x64
		{10DA1C40-24F7-4AFC-AFBD-63FD0873B982}.Debug|x64.Build.0 = Debug|x64
		{10DA1C40-24F7-4AFC-AFBD-63FD0873B982}.Debug|x86.ActiveCfg = Debug|Win32
		{10DA1C40-24F7-4AFC-AFBD-63FD0873B982}.Debug|x86.Build.0 = Debug|Win32
		{10DA1C40-24F7-4AFC-AFBD-63FD0873B982}.Release|x64.ActiveCfg = Release|x64
		{10DA1C40-24F7-4AFC-AFBD-63FD0873B982}.Release|x64.Build.0 = Release|x64
		{10DA1C40-24F7-4AFC-AFBD-63FD0873B982}.Release|x86.ActiveCfg = Release|Win32
		{10DA1C40-24F7-4AFC-AFBD-63FD0873B982}.Release|x86.Build.0 = Release|Win32
		{1709899C-F167-4C3A-90F4-21FF12107899}.Debug|x64.ActiveCfg = Debug|x64
		{1709899C-F167-4C3A-90F4-21FF12107899}.Debug|x64.Build.0 = Debug|x64
		{1709899C-F167-4C3A-90F4-21FF12107899}.Debug|x86.ActiveCfg = Debug|Win32
		{1709899C-F167-4C3A-90F4-21FF12107899}.Debug|x86.Build.0 = Debug|Win32
		{1709899C-F167-4C3A-90F4-21FF12107899}.Release|x64.ActiveCfg = Release|x64
		{1709899C-F167-4C3A-90F4-21FF12107899}.Release|x64.Build.0 = Release|x64
		{1709899C-F167-4C3A-90F4-21FF12107899}.Release|x86.ActiveCfg = Release|Win32
		{1709899C-F167-4C3A-90F4-21FF12107899}.Release|x86.Build.0 = Release|Win32
	EndGlobalSection
	GlobalSection(SolutionProperties) = preSolution
		HideSolutionNode = FALSE
	EndGlobalSection
	GlobalSection(ExtensibilityGlobals) = postSolution
		SolutionGuid = {5A342CAC-91A7-4EC1-BF23-8C45F38A3C66}
	EndGlobalSection
EndGlobal
