<?xml version="1.0" encoding="utf-8"?>
<Project ToolsVersion="4.0" xmlns="http://schemas.microsoft.com/developer/msbuild/2003">
  <ItemGroup>
    <Filter Include="头文件">
      <UniqueIdentifier>{93995380-89BD-4b04-88EB-625FBE52EBFB}</UniqueIdentifier>
      <Extensions>h;hh;hpp;hxx;hm;inl;inc;ipp;xsd</Extensions>
    </Filter>
    <Filter Include="资源文件">
      <UniqueIdentifier>{67DA6AB6-F800-4c08-8B7A-83BB121AAD01}</UniqueIdentifier>
      <Extensions>rc;ico;cur;bmp;dlg;rc2;rct;bin;rgs;gif;jpg;jpeg;jpe;resx;tiff;tif;png;wav;mfcribbon-ms</Extensions>
    </Filter>
    <Filter Include="Easy">
      <UniqueIdentifier>{4FC737F1-C7A5-4376-A066-2A32D752A2FF}</UniqueIdentifier>
      <Extensions>cpp;c;cc;cxx;def;odl;idl;hpj;bat;asm;asmx</Extensions>
    </Filter>
    <Filter Include="Medium">
      <UniqueIdentifier>{969a6ea0-a090-4c98-84ba-02fc96927cd0}</UniqueIdentifier>
    </Filter>
  </ItemGroup>
  <ItemGroup>
    <ClCompile Include="27.Remove-Element.cpp">
      <Filter>Easy</Filter>
    </ClCompile>
    <ClCompile Include="108.Convert-Sorted-Array-to-Binary-Search-Tree.cpp">
      <Filter>Easy</Filter>
    </ClCompile>
    <ClCompile Include="110.Balanced-Binary-Tree.cpp">
      <Filter>Easy</Filter>
    </ClCompile>
    <ClCompile Include="111.Minimum-Depth-of-Binary-Tree.cpp">
      <Filter>Easy</Filter>
    </ClCompile>
    <ClCompile Include="112. Path Sum.cpp">
      <Filter>Easy</Filter>
    </ClCompile>
    <ClCompile Include="113. Path Sum II.cpp">
      <Filter>Medium</Filter>
    </ClCompile>
    <ClCompile Include="114. Flatten Binary Tree to Linked List.cpp">
      <Filter>Medium</Filter>
    </ClCompile>
  </ItemGroup>
</Project>